PODS:
  - SecondCocoapodsLib (0.1.3)

DEPENDENCIES:
  - SecondCocoapodsLib (from `../`)

EXTERNAL SOURCES:
  SecondCocoapodsLib:
    :path: "../"

SPEC CHECKSUMS:
  SecondCocoapodsLib: a4c9135c1d11823f1b01450a5c87aef0f26d00e3

PODFILE CHECKSUM: 96ef3389f4f50116cd411190ddc95d3643d62c43

COCOAPODS: 1.11.2
