PODS:
  - SecondCocoapodsLib (0.1.2)

DEPENDENCIES:
  - SecondCocoapodsLib (from `../`)

EXTERNAL SOURCES:
  SecondCocoapodsLib:
    :path: "../"

SPEC CHECKSUMS:
  SecondCocoapodsLib: 549226f65d27ff61dab30bbe233c3fe1591b073c

PODFILE CHECKSUM: 96ef3389f4f50116cd411190ddc95d3643d62c43

COCOAPODS: 1.11.2
